<?xml version="1.0" encoding="utf-8"?>
<Project ToolsVersion="4.0" xmlns="http://schemas.microsoft.com/developer/msbuild/2003">
  <ItemGroup>
    <Filter Include="Source Files">
      <UniqueIdentifier>{4FC737F1-C7A5-4376-A066-2A32D752A2FF}</UniqueIdentifier>
      <Extensions>cpp;c;cc;cxx;c++;cppm;ixx;def;odl;idl;hpj;bat;asm;asmx</Extensions>
    </Filter>
    <Filter Include="Header Files">
      <UniqueIdentifier>{93995380-89BD-4b04-88EB-625FBE52EBFB}</UniqueIdentifier>
      <Extensions>h;hh;hpp;hxx;h++;hm;inl;inc;ipp;xsd</Extensions>
    </Filter>
    <Filter Include="Resource Files">
      <UniqueIdentifier>{67DA6AB6-F800-4c08-8B7A-83BB121AAD01}</UniqueIdentifier>
      <Extensions>rc;ico;cur;bmp;dlg;rc2;rct;bin;rgs;gif;jpg;jpeg;jpe;resx;tiff;tif;png;wav;mfcribbon-ms</Extensions>
    </Filter>
    <Filter Include="Buttons">
      <UniqueIdentifier>{d49c8b1d-ca98-4a7e-b372-73c799aa97ba}</UniqueIdentifier>
    </Filter>
    <Filter Include="Player">
      <UniqueIdentifier>{b034797b-314f-4846-a0f9-2f6c25e0f2f3}</UniqueIdentifier>
    </Filter>
    <Filter Include="GameObjects">
      <UniqueIdentifier>{34c98a15-fd81-4c41-87df-24d221d71df3}</UniqueIdentifier>
    </Filter>
    <Filter Include="Managers">
      <UniqueIdentifier>{27f84106-caba-40dd-b179-894fde7a6708}</UniqueIdentifier>
    </Filter>
  </ItemGroup>
  <ItemGroup>
    <ClCompile Include="Main.cpp">
      <Filter>Source Files</Filter>
    </ClCompile>
    <ClCompile Include="Engine.cpp">
      <Filter>Source Files</Filter>
    </ClCompile>
    <ClCompile Include="State.cpp">
      <Filter>Source Files</Filter>
    </ClCompile>
    <ClCompile Include="Button.cpp">
      <Filter>Buttons</Filter>
    </ClCompile>
    <ClCompile Include="StartButton.cpp">
      <Filter>Buttons</Filter>
    </ClCompile>
    <ClCompile Include="PauseButton.cpp">
      <Filter>Buttons</Filter>
    </ClCompile>
    <ClCompile Include="EndButton.cpp">
      <Filter>Buttons</Filter>
    </ClCompile>
    <ClCompile Include="PlatformPlayer.cpp">
      <Filter>Player</Filter>
    </ClCompile>
    <ClCompile Include="GameObject.cpp">
      <Filter>GameObjects</Filter>
    </ClCompile>
    <ClCompile Include="RenderManager.cpp">
      <Filter>Managers</Filter>
    </ClCompile>
    <ClCompile Include="StateManager.cpp">
      <Filter>Managers</Filter>
    </ClCompile>
    <ClCompile Include="TextureManager.cpp">
      <Filter>Managers</Filter>
    </ClCompile>
    <ClCompile Include="Spritesheet.cpp">
      <Filter>Source Files</Filter>
    </ClCompile>
    <ClCompile Include="EventManager.cpp">
      <Filter>Managers</Filter>
    </ClCompile>
    <ClCompile Include="CollisionManager.cpp">
      <Filter>Managers</Filter>
    </ClCompile>
    <ClCompile Include="MathManager.cpp">
      <Filter>Managers</Filter>
    </ClCompile>
    <ClCompile Include="Background.cpp">
      <Filter>GameObjects</Filter>
    </ClCompile>
    <ClCompile Include="FontManager.cpp">
      <Filter>Source Files</Filter>
    </ClCompile>
    <ClCompile Include="Obstacle.cpp">
      <Filter>Source Files</Filter>
    </ClCompile>
    <ClCompile Include="ObstacleRow.cpp">
      <Filter>Source Files</Filter>
    </ClCompile>
    <ClCompile Include="Primitives.cpp">
      <Filter>Source Files</Filter>
    </ClCompile>
    <ClCompile Include="ScrollingBackground.cpp">
      <Filter>GameObjects</Filter>
    </ClCompile>
  </ItemGroup>
  <ItemGroup>
    <ClInclude Include="Engine.h">
      <Filter>Header Files</Filter>
    </ClInclude>
    <ClInclude Include="State.h">
      <Filter>Header Files</Filter>
    </ClInclude>
    <ClInclude Include="Button.h">
      <Filter>Buttons</Filter>
    </ClInclude>
    <ClInclude Include="StartButton.h">
      <Filter>Buttons</Filter>
    </ClInclude>
    <ClInclude Include="PauseButton.h">
      <Filter>Buttons</Filter>
    </ClInclude>
    <ClInclude Include="EndButton.h">
      <Filter>Buttons</Filter>
    </ClInclude>
    <ClInclude Include="PlatformPlayer.h">
      <Filter>Player</Filter>
    </ClInclude>
    <ClInclude Include="GameObject.h">
      <Filter>GameObjects</Filter>
    </ClInclude>
    <ClInclude Include="RenderManager.h">
      <Filter>Managers</Filter>
    </ClInclude>
    <ClInclude Include="StateManager.h">
      <Filter>Managers</Filter>
    </ClInclude>
    <ClInclude Include="Animation.h">
      <Filter>Header Files</Filter>
    </ClInclude>
    <ClInclude Include="TextureManager.h">
      <Filter>Managers</Filter>
    </ClInclude>
    <ClInclude Include="Frame.h">
      <Filter>Header Files</Filter>
    </ClInclude>
    <ClInclude Include="Spritesheet.h">
      <Filter>Header Files</Filter>
    </ClInclude>
    <ClInclude Include="EventManager.h">
      <Filter>Managers</Filter>
    </ClInclude>
    <ClInclude Include="CollisionManager.h">
      <Filter>Managers</Filter>
    </ClInclude>
    <ClInclude Include="MathManager.h">
      <Filter>Managers</Filter>
    </ClInclude>
    <ClInclude Include="Background.h">
      <Filter>GameObjects</Filter>
    </ClInclude>
    <ClInclude Include="FontManager.h">
      <Filter>Header Files</Filter>
    </ClInclude>
    <ClInclude Include="Obstacle.h">
      <Filter>Header Files</Filter>
    </ClInclude>
    <ClInclude Include="ObstacleRow.h">
      <Filter>Header Files</Filter>
    </ClInclude>
    <ClInclude Include="Primitives.h">
      <Filter>Header Files</Filter>
    </ClInclude>
    <ClInclude Include="ScrollingBackground.h">
      <Filter>GameObjects</Filter>
    </ClInclude>
  </ItemGroup>
  <ItemGroup>
    <Image Include="..\Assets\img\background.png">
      <Filter>Resource Files</Filter>
    </Image>
    <Image Include="..\Assets\img\enemy.png">
      <Filter>Resource Files</Filter>
    </Image>
  </ItemGroup>
</Project>